
Microsoft Visual Studio Solution File, Format Version 12.00
# Visual Studio 15
VisualStudioVersion = 15.0.28010.2050
MinimumVisualStudioVersion = 10.0.40219.1
Project("{FAE04EC0-301F-11D3-BF4B-00C04F79EFBC}") = "CoffeeShopWebApplication", "CoffeeShopWebApplication\CoffeeShopWebApplication.csproj", "{7B53AA19-209C-4CDA-AF8B-41F81B1A9C2C}"
EndProject
Global
	GlobalSection(SolutionConfigurationPlatforms) = preSolution
		Debug|Any CPU = Debug|Any CPU
		Release|Any CPU = Release|Any CPU
	EndGlobalSection
	GlobalSection(ProjectConfigurationPlatforms) = postSolution
		{7B53AA19-209C-4CDA-AF8B-41F81B1A9C2C}.Debug|Any CPU.ActiveCfg = Debug|Any CPU
		{7B53AA19-209C-4CDA-AF8B-41F81B1A9C2C}.Debug|Any CPU.Build.0 = Debug|Any CPU
		{7B53AA19-209C-4CDA-AF8B-41F81B1A9C2C}.Release|Any CPU.ActiveCfg = Release|Any CPU
		{7B53AA19-209C-4CDA-AF8B-41F81B1A9C2C}.Release|Any CPU.Build.0 = Release|Any CPU
	EndGlobalSection
	GlobalSection(SolutionProperties) = preSolution
		HideSolutionNode = FALSE
	EndGlobalSection
	GlobalSection(ExtensibilityGlobals) = postSolution
		SolutionGuid = {A70ECA09-7FF2-4607-80FB-68CEBC88631B}
	EndGlobalSection
EndGlobal
